
Microsoft Visual Studio Solution File, Format Version 12.00
# Visual Studio 15
Project("{FAE04EC0-301F-11D3-BF4B-00C04F79EFBC}") = "ProgrammingAssignment1", "ProgrammingAssignment1\ProgrammingAssignment1.csproj", "{FE0E75B1-5A3F-433B-A6F7-B6AAD8C7E981}"
EndProject
Global
	GlobalSection(SolutionConfigurationPlatforms) = preSolution
		Debug|anycpu = Debug|anycpu
		Release|anycpu = Release|anycpu
	EndGlobalSection
	GlobalSection(ProjectConfigurationPlatforms) = postSolution
		{FE0E75B1-5A3F-433B-A6F7-B6AAD8C7E981}.Debug|anycpu.ActiveCfg = Debug|anycpu
		{FE0E75B1-5A3F-433B-A6F7-B6AAD8C7E981}.Debug|anycpu.Build.0 = Debug|anycpu
		{FE0E75B1-5A3F-433B-A6F7-B6AAD8C7E981}.Release|anycpu.ActiveCfg = Release|anycpu
		{FE0E75B1-5A3F-433B-A6F7-B6AAD8C7E981}.Release|anycpu.Build.0 = Release|anycpu
	EndGlobalSection
EndGlobal
