
Microsoft Visual Studio Solution File, Format Version 12.00
# Visual Studio 15
Project("{FAE04EC0-301F-11D3-BF4B-00C04F79EFBC}") = "Exercise6", "Exercise6\Exercise6.csproj", "{A379AE0D-EAE2-483A-A79D-02E965AEAAF2}"
EndProject
Global
	GlobalSection(SolutionConfigurationPlatforms) = preSolution
		Debug|anycpu = Debug|anycpu
		Release|anycpu = Release|anycpu
	EndGlobalSection
	GlobalSection(ProjectConfigurationPlatforms) = postSolution
		{A379AE0D-EAE2-483A-A79D-02E965AEAAF2}.Debug|anycpu.ActiveCfg = Debug|anycpu
		{A379AE0D-EAE2-483A-A79D-02E965AEAAF2}.Debug|anycpu.Build.0 = Debug|anycpu
		{A379AE0D-EAE2-483A-A79D-02E965AEAAF2}.Release|anycpu.ActiveCfg = Release|anycpu
		{A379AE0D-EAE2-483A-A79D-02E965AEAAF2}.Release|anycpu.Build.0 = Release|anycpu
	EndGlobalSection
EndGlobal
